<?xml version="1.0" encoding="utf-8"?>
<Project ToolsVersion="4.0" xmlns="http://schemas.microsoft.com/developer/msbuild/2003">
  <ItemGroup>
    <Filter Include="Source Files">
      <UniqueIdentifier>{4FC737F1-C7A5-4376-A066-2A32D752A2FF}</UniqueIdentifier>
      <Extensions>qml;cpp;c;cc;cxx;def;odl;idl;hpj;bat;asm;asmx</Extensions>
    </Filter>
    <Filter Include="Header Files">
      <UniqueIdentifier>{93995380-89BD-4b04-88EB-625FBE52EBFB}</UniqueIdentifier>
      <Extensions>h;hh;hpp;hxx;hm;inl;inc;xsd</Extensions>
    </Filter>
    <Filter Include="Resource Files">
      <UniqueIdentifier>{67DA6AB6-F800-4c08-8B7A-83BB121AAD01}</UniqueIdentifier>
      <Extensions>qrc;rc;ico;cur;bmp;dlg;rc2;rct;bin;rgs;gif;jpg;jpeg;jpe;resx;tiff;tif;png;wav;mfcribbon-ms</Extensions>
    </Filter>
    <Filter Include="Form Files">
      <UniqueIdentifier>{99349809-55BA-4b9d-BF79-8FDBB0286EB3}</UniqueIdentifier>
      <Extensions>ui</Extensions>
    </Filter>
    <Filter Include="Translation Files">
      <UniqueIdentifier>{639EADAA-A684-42e4-A9AD-28FC9BCB8F7C}</UniqueIdentifier>
      <Extensions>ts</Extensions>
    </Filter>
  </ItemGroup>
  <ItemGroup>
    <QtUic Include="src\ui\ui_gui\mainApp.ui">
      <Filter>Form Files</Filter>
    </QtUic>
    <QtMoc Include="src\include\include_gui\mainApp.h">
      <Filter>Header Files</Filter>
    </QtMoc>
    <ClCompile Include="src\gui\mainApp.cpp">
      <Filter>Source Files</Filter>
    </ClCompile>
    <QtUic Include="src\ui\ui_widget\widget_newProcess.ui">
      <Filter>Form Files</Filter>
    </QtUic>
    <QtUic Include="src\ui\ui_widget\widget_startProcess.ui">
      <Filter>Form Files</Filter>
    </QtUic>
    <QtUic Include="src\ui\ui_widget\widget_viewProcess.ui">
      <Filter>Form Files</Filter>
    </QtUic>
    <QtUic Include="src\ui\ui_widget\widget_drawable_points.ui">
      <Filter>Form Files</Filter>
    </QtUic>
    <QtUic Include="src\ui\ui_widget\widget_global_setting.ui">
      <Filter>Form Files</Filter>
    </QtUic>
    <QtUic Include="src\ui\ui_dialog\login.ui">
      <Filter>Form Files</Filter>
    </QtUic>
    <QtUic Include="src\ui\ui_dialog\sampling.ui">
      <Filter>Form Files</Filter>
    </QtUic>
    <QtUic Include="src\ui\ui_dialog\dialog_photo.ui">
      <Filter>Form Files</Filter>
    </QtUic>
    <QtUic Include="src\ui\ui_dialog\dialog_snapshot.ui">
      <Filter>Form Files</Filter>
    </QtUic>
    <QtUic Include="src\ui\ui_widget\widget_drawable_triangles.ui">
      <Filter>Form Files</Filter>
    </QtUic>
    <QtUic Include="src\ui\ui_dialog\dialog_poisson_reconstruction.ui">
      <Filter>Form Files</Filter>
    </QtUic>
    <QtUic Include="src\ui\ui_dialog\mainwindowSetting.ui">
      <Filter>Form Files</Filter>
    </QtUic>
    <QtUic Include="src\ui\ui_dialog\dialog_walk_through.ui">
      <Filter>Form Files</Filter>
    </QtUic>
    <QtUic Include="src\ui\ui_widget\terminal.ui">
      <Filter>Form Files</Filter>
    </QtUic>
    <QtUic Include="src\ui\ui_dialog\dialog_gcp.ui">
      <Filter>Form Files</Filter>
    </QtUic>
    <QtUic Include="src\ui\ui_dialog\dialog_gcp_report.ui">
      <Filter>Form Files</Filter>
    </QtUic>
    <QtUic Include="src\ui\ui_dialog\loginWindowOne.ui">
      <Filter>Form Files</Filter>
    </QtUic>
    <QtUic Include="src\ui\ui_dialog\dialog_rtk_coor.ui">
      <Filter>Form Files</Filter>
    </QtUic>
    <QtUic Include="src\ui\ui_dialog\startFolder.ui">
      <Filter>Form Files</Filter>
    </QtUic>
    <QtUic Include="src\ui\ui_dialog\dialog_manual.ui">
      <Filter>Form Files</Filter>
    </QtUic>
  </ItemGroup>
  <ItemGroup>
    <ClCompile Include="main.cpp">
      <Filter>Source Files</Filter>
    </ClCompile>
    <ClCompile Include="src\widgets\widget_gui\widget_newProcess.cpp">
      <Filter>Source Files</Filter>
    </ClCompile>
    <ClCompile Include="src\widgets\widget_gui\widget_startProcess.cpp">
      <Filter>Source Files</Filter>
    </ClCompile>
    <ClCompile Include="src\widgets\widget_gui\widget_viewProcess.cpp">
      <Filter>Source Files</Filter>
    </ClCompile>
    <ClCompile Include="src\tools\process\processBag.cpp">
      <Filter>Source Files</Filter>
    </ClCompile>
    <ClCompile Include="src\gui\viewer.cpp">
      <Filter>Source Files</Filter>
    </ClCompile>
    <ClCompile Include="src\tools\easy3d_tools\tool.cpp">
      <Filter>Source Files</Filter>
    </ClCompile>
    <ClCompile Include="src\tools\easy3d_tools\tool_manager.cpp">
      <Filter>Source Files</Filter>
    </ClCompile>
    <ClCompile Include="src\tools\easy3d_tools\tool_selection_point_cloud.cpp">
      <Filter>Source Files</Filter>
    </ClCompile>
    <ClCompile Include="src\tools\easy3d_tools\tool_selection_surface_mesh.cpp">
      <Filter>Source Files</Filter>
    </ClCompile>
    <ClCompile Include="src\widgets\widget_easy3d\widget_model_list.cpp">
      <Filter>Source Files</Filter>
    </ClCompile>
    <ClCompile Include="src\widgets\widget_easy3d\widget_checker_sphere.cpp">
      <Filter>Source Files</Filter>
    </ClCompile>
    <ClCompile Include="src\widgets\widget_easy3d\widget_drawable.cpp">
      <Filter>Source Files</Filter>
    </ClCompile>
    <ClCompile Include="src\widgets\widget_easy3d\widget_drawable_points.cpp">
      <Filter>Source Files</Filter>
    </ClCompile>
    <ClCompile Include="src\widgets\widget_easy3d\widget_global_setting.cpp">
      <Filter>Source Files</Filter>
    </ClCompile>
    <ClCompile Include="src\extern\login.cpp">
      <Filter>Source Files</Filter>
    </ClCompile>
    <ClCompile Include="src\extern\timer.cpp">
      <Filter>Source Files</Filter>
    </ClCompile>
    <ClCompile Include="src\dialog\dialog_gui\loginWindow.cpp">
      <Filter>Source Files</Filter>
    </ClCompile>
    <ClCompile Include="src\extern\mergeMp4.cpp">
      <Filter>Source Files</Filter>
    </ClCompile>
    <ClCompile Include="src\extern\colourise.cpp">
      <Filter>Source Files</Filter>
    </ClCompile>
    <ClCompile Include="src\extern\gcp.cpp">
      <Filter>Source Files</Filter>
    </ClCompile>
    <ClCompile Include="src\dialog\dialog_easy3d\sampling.cpp">
      <Filter>Source Files</Filter>
    </ClCompile>
    <ClCompile Include="src\dialog\dialog_easy3d\dialog_photo.cpp">
      <Filter>Source Files</Filter>
    </ClCompile>
    <ClCompile Include="src\dialog\dialog_easy3d\dialog.cpp">
      <Filter>Source Files</Filter>
    </ClCompile>
    <ClCompile Include="src\dialog\dialog_easy3d\dialog_snapshot.cpp">
      <Filter>Source Files</Filter>
    </ClCompile>
    <ClCompile Include="src\gui\viewer_snapshot.cpp">
      <Filter>Source Files</Filter>
    </ClCompile>
    <ClCompile Include="src\widgets\widget_easy3d\widget_drawable_triangles.cpp">
      <Filter>Source Files</Filter>
    </ClCompile>
    <ClCompile Include="src\dialog\dialog_easy3d\dialog_poisson_reconstruction.cpp">
      <Filter>Source Files</Filter>
    </ClCompile>
    <ClCompile Include="src\extern\stopWatch.cpp">
      <Filter>Source Files</Filter>
    </ClCompile>
    <ClCompile Include="resources\language\linguist.cpp">
      <Filter>Source Files</Filter>
    </ClCompile>
    <ClCompile Include="src\extern\mainwindowSetting.cpp">
      <Filter>Source Files</Filter>
    </ClCompile>
    <ClCompile Include="src\dialog\dialog_easy3d\walk_through.cpp">
      <Filter>Source Files</Filter>
    </ClCompile>
    <ClCompile Include="src\dialog\dialog_easy3d\dialog_walk_through.cpp">
      <Filter>Source Files</Filter>
    </ClCompile>
    <ClCompile Include="src\widgets\widget_gui\terminal.cpp">
      <Filter>Source Files</Filter>
    </ClCompile>
    <ClCompile Include="src\dialog\dialog_gui\dialog_gcp.cpp">
      <Filter>Source Files</Filter>
    </ClCompile>
    <ClCompile Include="src\dialog\dialog_gui\dialog_gcp_report.cpp">
      <Filter>Source Files</Filter>
    </ClCompile>
    <ClCompile Include="src\dialog\dialog_gui\loginWindowOne.cpp">
      <Filter>Source Files</Filter>
    </ClCompile>
    <ClCompile Include="src\extern\loginOne.cpp">
      <Filter>Source Files</Filter>
    </ClCompile>
    <ClCompile Include="src\dialog\dialog_gui\dialog_rtk_coor.cpp">
      <Filter>Source Files</Filter>
    </ClCompile>
    <ClCompile Include="src\dialog\dialog_gui\startFolder.cpp">
      <Filter>Source Files</Filter>
    </ClCompile>
    <ClCompile Include="src\dialog\dialog_gui\dialog_manual.cpp">
      <Filter>Source Files</Filter>
    </ClCompile>
  </ItemGroup>
  <ItemGroup>
    <QtRcc Include="resources\qrc\mainApp.qrc">
      <Filter>Resource Files</Filter>
    </QtRcc>
  </ItemGroup>
  <ItemGroup>
    <QtMoc Include="src\include\include_gui\widget_newProcess.h">
      <Filter>Header Files</Filter>
    </QtMoc>
    <QtMoc Include="src\include\include_gui\widget_startProcess.h">
      <Filter>Header Files</Filter>
    </QtMoc>
    <QtMoc Include="src\include\include_gui\widget_viewProcess.h">
      <Filter>Header Files</Filter>
    </QtMoc>
    <QtMoc Include="src\include\include_process\processBag.h">
      <Filter>Header Files</Filter>
    </QtMoc>
    <QtMoc Include="src\include\include_easy3d\viewer.h">
      <Filter>Header Files</Filter>
    </QtMoc>
    <QtMoc Include="src\include\include_easy3d\widgets\widget_model_list.h">
      <Filter>Header Files</Filter>
    </QtMoc>
    <QtMoc Include="src\include\include_easy3d\widgets\widget_checker_sphere.h">
      <Filter>Header Files</Filter>
    </QtMoc>
    <QtMoc Include="src\include\include_easy3d\widgets\widget_global_setting.h">
      <Filter>Header Files</Filter>
    </QtMoc>
    <QtMoc Include="src\include\include_easy3d\widgets\widget_drawable_points.h">
      <Filter>Header Files</Filter>
    </QtMoc>
    <QtMoc Include="src\include\include_easy3d\widgets\widget_drawable.h">
      <Filter>Header Files</Filter>
    </QtMoc>
    <QtMoc Include="src\include\include_process\loginWindow.h">
      <Filter>Header Files</Filter>
    </QtMoc>
    <QtMoc Include="src\include\include_process\timer.h">
      <Filter>Header Files</Filter>
    </QtMoc>
    <QtMoc Include="src\include\include_process\login.h">
      <Filter>Header Files</Filter>
    </QtMoc>
    <QtMoc Include="src\include\include_gui\mergeMp4.h">
      <Filter>Header Files</Filter>
    </QtMoc>
    <QtMoc Include="src\include\include_gui\colourise.h">
      <Filter>Header Files</Filter>
    </QtMoc>
    <QtMoc Include="src\include\include_easy3d\dialog\sampling.h">
      <Filter>Header Files</Filter>
    </QtMoc>
    <QtMoc Include="src\include\include_gui\gcp.h">
      <Filter>Header Files</Filter>
    </QtMoc>
    <QtMoc Include="src\include\include_easy3d\dialog\dialog.h">
      <Filter>Header Files</Filter>
    </QtMoc>
    <QtMoc Include="src\include\include_easy3d\dialog\dialog_photo.h">
      <Filter>Header Files</Filter>
    </QtMoc>
    <QtMoc Include="src\include\include_easy3d\dialog\dialog_snapshot.h">
      <Filter>Header Files</Filter>
    </QtMoc>
    <QtMoc Include="src\include\include_easy3d\widgets\widget_drawable_triangles.h">
      <Filter>Header Files</Filter>
    </QtMoc>
    <QtMoc Include="src\include\include_easy3d\dialog\dialog_poisson_reconstruction.h">
      <Filter>Header Files</Filter>
    </QtMoc>
    <QtMoc Include="resources\language\linguist.h">
      <Filter>Header Files</Filter>
    </QtMoc>
    <QtMoc Include="src\include\include_gui\mainwindowSetting.h">
      <Filter>Header Files</Filter>
    </QtMoc>
    <QtMoc Include="src\include\include_easy3d\dialog\dialog_walk_through.h">
      <Filter>Header Files</Filter>
    </QtMoc>
    <QtMoc Include="src\include\include_gui\terminal.h">
      <Filter>Header Files</Filter>
    </QtMoc>
    <QtMoc Include="src\include\include_gui\dialog_gcp.h">
      <Filter>Header Files</Filter>
    </QtMoc>
    <QtMoc Include="src\include\include_gui\dialog_gcp_report.h">
      <Filter>Header Files</Filter>
    </QtMoc>
    <QtMoc Include="src\include\include_process\loginWindowOne.h">
      <Filter>Header Files</Filter>
    </QtMoc>
    <QtMoc Include="src\include\include_process\loginOne.h">
      <Filter>Header Files</Filter>
    </QtMoc>
    <QtMoc Include="src\include\include_gui\dialog_rtk_coor.h">
      <Filter>Header Files</Filter>
    </QtMoc>
    <QtMoc Include="src\include\include_gui\startFolder.h">
      <Filter>Header Files</Filter>
    </QtMoc>
    <QtMoc Include="src\include\include_gui\dialog_manual.h">
      <Filter>Header Files</Filter>
    </QtMoc>
  </ItemGroup>
  <ItemGroup>
    <ClInclude Include="src\include\include_easy3d\tools\canvas.h">
      <Filter>Header Files</Filter>
    </ClInclude>
    <ClInclude Include="src\include\include_easy3d\tools\tool_manager.h">
      <Filter>Header Files</Filter>
    </ClInclude>
    <ClInclude Include="src\include\include_easy3d\tools\tool.h">
      <Filter>Header Files</Filter>
    </ClInclude>
    <ClInclude Include="src\include\include_easy3d\tools\tool_selection_point_cloud.h">
      <Filter>Header Files</Filter>
    </ClInclude>
    <ClInclude Include="src\include\include_easy3d\tools\tool_selection_surface_mesh.h">
      <Filter>Header Files</Filter>
    </ClInclude>
    <ClInclude Include="src\control_authentity\framework.h">
      <Filter>Header Files</Filter>
    </ClInclude>
    <ClInclude Include="src\control_authentity\md5.hpp">
      <Filter>Header Files</Filter>
    </ClInclude>
    <ClInclude Include="src\control_authentity\pch.h">
      <Filter>Header Files</Filter>
    </ClInclude>
    <ClInclude Include="src\control_authentity\tool.h">
      <Filter>Header Files</Filter>
    </ClInclude>
    <ClInclude Include="src\control_authentity\company.h">
      <Filter>Header Files</Filter>
    </ClInclude>
    <ClInclude Include="src\include\include_gui\Yuan.h">
      <Filter>Header Files</Filter>
    </ClInclude>
    <ClInclude Include="src\include\include_gui\stopWatch.h">
      <Filter>Header Files</Filter>
    </ClInclude>
    <ClInclude Include="src\include\include_easy3d\dialog\walk_through.h">
      <Filter>Header Files</Filter>
    </ClInclude>
    <ClInclude Include="resource.h">
      <Filter>Header Files</Filter>
    </ClInclude>
  </ItemGroup>
  <ItemGroup>
    <QtTranslation Include="resources\language\Translation_en.ts">
      <Filter>Translation Files</Filter>
    </QtTranslation>
    <QtTranslation Include="resources\language\Translation_zh.ts">
      <Filter>Translation Files</Filter>
    </QtTranslation>
  </ItemGroup>
  <ItemGroup>
    <ResourceCompile Include="mainApp.rc">
      <Filter>Resource Files</Filter>
    </ResourceCompile>
  </ItemGroup>
  <ItemGroup>
    <None Include="cpp.hint" />
  </ItemGroup>
</Project>