
Microsoft Visual Studio Solution File, Format Version 12.00
# Visual Studio Version 17
VisualStudioVersion = 17.3.32825.248
MinimumVisualStudioVersion = 10.0.40219.1
Project("{8BC9CEB8-8B4A-11D0-8D11-00A0C91BC942}") = "mainApp", "mainApp\mainApp.vcxproj", "{4D602FD9-275E-4D33-9089-A82F967A7597}"
EndProject
Global
	GlobalSection(SolutionConfigurationPlatforms) = preSolution
		Debug|x64 = Debug|x64
		Release|x64 = Release|x64
	EndGlobalSection
	GlobalSection(ProjectConfigurationPlatforms) = postSolution
		{4D602FD9-275E-4D33-9089-A82F967A7597}.Debug|x64.ActiveCfg = Debug|x64
		{4D602FD9-275E-4D33-9089-A82F967A7597}.Debug|x64.Build.0 = Debug|x64
		{4D602FD9-275E-4D33-9089-A82F967A7597}.Release|x64.ActiveCfg = Release|x64
		{4D602FD9-275E-4D33-9089-A82F967A7597}.Release|x64.Build.0 = Release|x64
	EndGlobalSection
	GlobalSection(SolutionProperties) = preSolution
		HideSolutionNode = FALSE
	EndGlobalSection
	GlobalSection(ExtensibilityGlobals) = postSolution
		SolutionGuid = {30A0DB57-27A6-49ED-8EC9-22BAF5FA7528}
	EndGlobalSection
EndGlobal
