<?xml version="1.0" encoding="utf-8"?>
<Project ToolsVersion="4.0" xmlns="http://schemas.microsoft.com/developer/msbuild/2003">
  <ItemGroup>
    <Filter Include="Source Files">
      <UniqueIdentifier>{4FC737F1-C7A5-4376-A066-2A32D752A2FF}</UniqueIdentifier>
      <Extensions>qml;cpp;c;cc;cxx;def;odl;idl;hpj;bat;asm;asmx</Extensions>
    </Filter>
    <Filter Include="Header Files">
      <UniqueIdentifier>{93995380-89BD-4b04-88EB-625FBE52EBFB}</UniqueIdentifier>
      <Extensions>h;hh;hpp;hxx;hm;inl;inc;xsd</Extensions>
    </Filter>
    <Filter Include="Resource Files">
      <UniqueIdentifier>{67DA6AB6-F800-4c08-8B7A-83BB121AAD01}</UniqueIdentifier>
      <Extensions>qrc;rc;ico;cur;bmp;dlg;rc2;rct;bin;rgs;gif;jpg;jpeg;jpe;resx;tiff;tif;png;wav;mfcribbon-ms</Extensions>
    </Filter>
    <Filter Include="Form Files">
      <UniqueIdentifier>{99349809-55BA-4b9d-BF79-8FDBB0286EB3}</UniqueIdentifier>
      <Extensions>ui</Extensions>
    </Filter>
    <Filter Include="Translation Files">
      <UniqueIdentifier>{639EADAA-A684-42e4-A9AD-28FC9BCB8F7C}</UniqueIdentifier>
      <Extensions>ts</Extensions>
    </Filter>
  </ItemGroup>
  <ItemGroup>
    <QtRcc Include="mainApp.qrc">
      <Filter>Resource Files</Filter>
    </QtRcc>
    <QtRcc Include="src\ui\icons.qrc">
      <Filter>Resource Files</Filter>
    </QtRcc>
  </ItemGroup>
  <ItemGroup>
    <ClCompile Include="main.cpp">
      <Filter>Source Files</Filter>
    </ClCompile>
    <ClCompile Include="src\windows\gui.cpp">
      <Filter>Source Files</Filter>
    </ClCompile>
    <ClCompile Include="src\windows\login.cpp">
      <Filter>Source Files</Filter>
    </ClCompile>
    <ClCompile Include="src\osg\osgCloudData.cpp">
      <Filter>Source Files</Filter>
    </ClCompile>
    <ClCompile Include="src\osg\osgview.cpp">
      <Filter>Source Files</Filter>
    </ClCompile>
    <ClCompile Include="src\osg\pickHandler.cpp">
      <Filter>Source Files</Filter>
    </ClCompile>
    <ClCompile Include="src\windows\timer.cpp">
      <Filter>Source Files</Filter>
    </ClCompile>
    <ClCompile Include="src\windows\windowLogin.cpp">
      <Filter>Source Files</Filter>
    </ClCompile>
    <ClCompile Include="src\osg\osgAlgorithm.cpp">
      <Filter>Source Files</Filter>
    </ClCompile>
    <ClCompile Include="src\windows\picture.cpp">
      <Filter>Source Files</Filter>
    </ClCompile>
    <ClCompile Include="src\osg\pickPhoto.cpp">
      <Filter>Source Files</Filter>
    </ClCompile>
    <ClCompile Include="src\osg\osgColor.cpp">
      <Filter>Source Files</Filter>
    </ClCompile>
    <ClCompile Include="src\osg\osgHudCallback.cpp">
      <Filter>Source Files</Filter>
    </ClCompile>
    <ClCompile Include="src\osg\osgPlaneExtraction.cpp">
      <Filter>Source Files</Filter>
    </ClCompile>
    <ClCompile Include="src\osg\osgTrim.cpp">
      <Filter>Source Files</Filter>
    </ClCompile>
    <ClCompile Include="src\windows\treatment.cpp">
      <Filter>Source Files</Filter>
    </ClCompile>
    <ClCompile Include="src\osg\osgScreenShot.cpp">
      <Filter>Source Files</Filter>
    </ClCompile>
    <ClCompile Include="src\osg\osgCapture.cpp">
      <Filter>Source Files</Filter>
    </ClCompile>
    <ClCompile Include="src\windows\report.cpp">
      <Filter>Source Files</Filter>
    </ClCompile>
    <ClCompile Include="src\osg\osgLodHandler.cpp">
      <Filter>Source Files</Filter>
    </ClCompile>
  </ItemGroup>
  <ItemGroup>
    <ClInclude Include="src\control\framework.h">
      <Filter>Header Files</Filter>
    </ClInclude>
    <ClInclude Include="src\control\md5.hpp">
      <Filter>Header Files</Filter>
    </ClInclude>
    <ClInclude Include="src\control\pch.h">
      <Filter>Header Files</Filter>
    </ClInclude>
    <ClInclude Include="src\control\tool.h">
      <Filter>Header Files</Filter>
    </ClInclude>
    <ClInclude Include="src\control\company.h">
      <Filter>Header Files</Filter>
    </ClInclude>
    <ClInclude Include="src\include\osgCloudData.h">
      <Filter>Header Files</Filter>
    </ClInclude>
    <ClInclude Include="src\include\osgview.h">
      <Filter>Header Files</Filter>
    </ClInclude>
    <ClInclude Include="src\include\pickHandler.h">
      <Filter>Header Files</Filter>
    </ClInclude>
    <ClInclude Include="src\include\osgAlgorithm.h">
      <Filter>Header Files</Filter>
    </ClInclude>
    <ClInclude Include="src\include\pickPhoto.h">
      <Filter>Header Files</Filter>
    </ClInclude>
    <ClInclude Include="src\include\osgColor.h">
      <Filter>Header Files</Filter>
    </ClInclude>
    <ClInclude Include="src\include\colormap.h">
      <Filter>Header Files</Filter>
    </ClInclude>
    <ClInclude Include="src\include\osgHudCallback.h">
      <Filter>Header Files</Filter>
    </ClInclude>
    <ClInclude Include="src\include\findGeode.h">
      <Filter>Header Files</Filter>
    </ClInclude>
    <ClInclude Include="src\include\osgPlaneExtraction.h">
      <Filter>Header Files</Filter>
    </ClInclude>
    <ClInclude Include="src\include\osgTrim.h">
      <Filter>Header Files</Filter>
    </ClInclude>
    <ClInclude Include="src\include\osgScreenShot.h">
      <Filter>Header Files</Filter>
    </ClInclude>
    <ClInclude Include="src\include\osgCapture.h">
      <Filter>Header Files</Filter>
    </ClInclude>
    <ClInclude Include="src\include\osgLod.h">
      <Filter>Header Files</Filter>
    </ClInclude>
  </ItemGroup>
  <ItemGroup>
    <QtMoc Include="src\include\gui.h">
      <Filter>Header Files</Filter>
    </QtMoc>
    <QtMoc Include="src\include\login.h">
      <Filter>Header Files</Filter>
    </QtMoc>
    <QtMoc Include="src\include\timer.h">
      <Filter>Header Files</Filter>
    </QtMoc>
    <QtMoc Include="src\include\windowLogin.h">
      <Filter>Header Files</Filter>
    </QtMoc>
    <QtMoc Include="src\include\picture.h">
      <Filter>Header Files</Filter>
    </QtMoc>
    <QtMoc Include="src\include\treatment.h">
      <Filter>Header Files</Filter>
    </QtMoc>
    <QtMoc Include="src\include\report.h">
      <Filter>Header Files</Filter>
    </QtMoc>
  </ItemGroup>
  <ItemGroup>
    <QtUic Include="src\ui\gui.ui">
      <Filter>Form Files</Filter>
    </QtUic>
    <QtUic Include="src\ui\login.ui">
      <Filter>Form Files</Filter>
    </QtUic>
    <QtUic Include="src\ui\picture.ui">
      <Filter>Form Files</Filter>
    </QtUic>
    <QtUic Include="src\ui\treatment.ui">
      <Filter>Form Files</Filter>
    </QtUic>
    <QtUic Include="src\ui\report.ui">
      <Filter>Form Files</Filter>
    </QtUic>
  </ItemGroup>
</Project>